// !$*UTF8*$!
{
	archiveVersion = 1;
	classes = {
	};
	objectVersion = 46;
	objects = {

/* Begin PBXBuildFile section */
		BA34B85A1BBF69DE001893E1 /* AppDelegate.swift in Sources */ = {isa = PBXBuildFile; fileRef = BA34B8591BBF69DE001893E1 /* AppDelegate.swift */; };
		BA34B85C1BBF69DE001893E1 /* ViewController.swift in Sources */ = {isa = PBXBuildFile; fileRef = BA34B85B1BBF69DE001893E1 /* ViewController.swift */; };
		BA34B85F1BBF69DE001893E1 /* Main.storyboard in Resources */ = {isa = PBXBuildFile; fileRef = BA34B85D1BBF69DE001893E1 /* Main.storyboard */; };
		BA34B8611BBF69DE001893E1 /* Assets.xcassets in Resources */ = {isa = PBXBuildFile; fileRef = BA34B8601BBF69DE001893E1 /* Assets.xcassets */; };
		BA34B8641BBF69DE001893E1 /* LaunchScreen.storyboard in Resources */ = {isa = PBXBuildFile; fileRef = BA34B8621BBF69DE001893E1 /* LaunchScreen.storyboard */; };
/* End PBXBuildFile section */

/* Begin PBXFileReference section */
		BA34B8561BBF69DE001893E1 /* PK3DTouchDemo.app */ = {isa = PBXFileReference; explicitFileType = wrapper.application; includeInIndex = 0; path = PK3DTouchDemo.app; sourceTree = BUILT_PRODUCTS_DIR; };
		BA34B8591BBF69DE001893E1 /* AppDelegate.swift */ = {isa = PBXFileReference; lastKnownFileType = sourcecode.swift; path = AppDelegate.swift; sourceTree = "<group>"; };
		BA34B85B1BBF69DE001893E1 /* ViewController.swift */ = {isa = PBXFileReference; lastKnownFileType = sourcecode.swift; path = ViewController.swift; sourceTree = "<group>"; };
		BA34B85E1BBF69DE001893E1 /* Base */ = {isa = PBXFileReference; lastKnownFileType = file.storyboard; name = Base; path = Base.lproj/Main.storyboard; sourceTree = "<group>"; };
		BA34B8601BBF69DE001893E1 /* Assets.xcassets */ = {isa = PBXFileReference; lastKnownFileType = folder.assetcatalog; path = Assets.xcassets; sourceTree = "<group>"; };
		BA34B8631BBF69DE001893E1 /* Base */ = {isa = PBXFileReference; lastKnownFileType = file.storyboard; name = Base; path = Base.lproj/LaunchScreen.storyboard; sourceTree = "<group>"; };
		BA34B8651BBF69DE001893E1 /* Info.plist */ = {isa = PBXFileReference; lastKnownFileType = text.plist.xml; path = Info.plist; sourceTree = "<group>"; };
/* End PBXFileReference section */

/* Begin PBXFrameworksBuildPhase section */
		BA34B8531BBF69DE001893E1 /* Frameworks */ = {
			isa = PBXFrameworksBuildPhase;
			buildActionMask = 2147483647;
			files = (
			);
			runOnlyForDeploymentPostprocessing = 0;
		};
/* End PBXFrameworksBuildPhase section */

/* Begin PBXGroup section */
		BA34B84D1BBF69DE001893E1 = {
			isa = PBXGroup;
			children = (
				BA34B8581BBF69DE001893E1 /* PK3DTouchDemo */,
				BA34B8571BBF69DE001893E1 /* Products */,
			);
			sourceTree = "<group>";
		};
		BA34B8571BBF69DE001893E1 /* Products */ = {
			isa = PBXGroup;
			children = (
				BA34B8561BBF69DE001893E1 /* PK3DTouchDemo.app */,
			);
			name = Products;
			sourceTree = "<group>";
		};
		BA34B8581BBF69DE001893E1 /* PK3DTouchDemo */ = {
			isa = PBXGroup;
			children = (
				BA34B8591BBF69DE001893E1 /* AppDelegate.swift */,
				BA34B85B1BBF69DE001893E1 /* ViewController.swift */,
				BA34B85D1BBF69DE001893E1 /* Main.storyboard */,
				BA34B8601BBF69DE001893E1 /* Assets.xcassets */,
				BA34B8621BBF69DE001893E1 /* LaunchScreen.storyboard */,
				BA34B8651BBF69DE001893E1 /* Info.plist */,
			);
			path = PK3DTouchDemo;
			sourceTree = "<group>";
		};
/* End PBXGroup section */

/* Begin PBXNativeTarget section */
		BA34B8551BBF69DE001893E1 /* PK3DTouchDemo */ = {
			isa = PBXNativeTarget;
			buildConfigurationList = BA34B8681BBF69DE001893E1 /* Build configuration list for PBXNativeTarget "PK3DTouchDemo" */;
			buildPhases = (
				BA34B8521BBF69DE001893E1 /* Sources */,
				BA34B8531BBF69DE001893E1 /* Frameworks */,
				BA34B8541BBF69DE001893E1 /* Resources */,
			);
			buildRules = (
			);
			dependencies = (
			);
			name = PK3DTouchDemo;
			productName = PK3DTouchDemo;
			productReference = BA34B8561BBF69DE001893E1 /* PK3DTouchDemo.app */;
			productType = "com.apple.product-type.application";
		};
/* End PBXNativeTarget section */

/* Begin PBXProject section */
		BA34B84E1BBF69DE001893E1 /* Project object */ = {
			isa = PBXProject;
			attributes = {
				LastUpgradeCheck = 0700;
				ORGANIZATIONNAME = liyan;
				TargetAttributes = {
					BA34B8551BBF69DE001893E1 = {
						CreatedOnToolsVersion = 7.0;
					};
				};
			};
			buildConfigurationList = BA34B8511BBF69DE001893E1 /* Build configuration list for PBXProject "PK3DTouchDemo" */;
			compatibilityVersion = "Xcode 3.2";
			developmentRegion = English;
			hasScannedForEncodings = 0;
			knownRegions = (
				en,
				Base,
			);
			mainGroup = BA34B84D1BBF69DE001893E1;
			productRefGroup = BA34B8571BBF69DE001893E1 /* Products */;
			projectDirPath = "";
			projectRoot = "";
			targets = (
				BA34B8551BBF69DE001893E1 /* PK3DTouchDemo */,
			);
		};
/* End PBXProject section */

/* Begin PBXResourcesBuildPhase section */
		BA34B8541BBF69DE001893E1 /* Resources */ = {
			isa = PBXResourcesBuildPhase;
			buildActionMask = 2147483647;
			files = (
				BA34B8641BBF69DE001893E1 /* LaunchScreen.storyboard in Resources */,
				BA34B8611BBF69DE001893E1 /* Assets.xcassets in Resources */,
				BA34B85F1BBF69DE001893E1 /* Main.storyboard in Resources */,
			);
			runOnlyForDeploymentPostprocessing = 0;
		};
/* End PBXResourcesBuildPhase section */

/* Begin PBXSourcesBuildPhase section */
		BA34B8521BBF69DE001893E1 /* Sources */ = {
			isa = PBXSourcesBuildPhase;
			buildActionMask = 2147483647;
			files = (
				BA34B85C1BBF69DE001893E1 /* ViewController.swift in Sources */,
				BA34B85A1BBF69DE001893E1 /* AppDelegate.swift in Sources */,
			);
			runOnlyForDeploymentPostprocessing = 0;
		};
/* End PBXSourcesBuildPhase section */

/* Begin PBXVariantGroup section */
		BA34B85D1BBF69DE001893E1 /* Main.storyboard */ = {
			isa = PBXVariantGroup;
			children = (
				BA34B85E1BBF69DE001893E1 /* Base */,
			);
			name = Main.storyboard;
			sourceTree = "<group>";
		};
		BA34B8621BBF69DE001893E1 /* LaunchScreen.storyboard */ = {
			isa = PBXVariantGroup;
			children = (
				BA34B8631BBF69DE001893E1 /* Base */,
			);
			name = LaunchScreen.storyboard;
			sourceTree = "<group>";
		};
/* End PBXVariantGroup section */

/* Begin XCBuildConfiguration section */
		BA34B8661BBF69DE001893E1 /* Debug */ = {
			isa = XCBuildConfiguration;
			buildSettings = {
				ALWAYS_SEARCH_USER_PATHS = NO;
				CLANG_CXX_LANGUAGE_STANDARD = "gnu++0x";
				CLANG_CXX_LIBRARY = "libc++";
				CLANG_ENABLE_MODULES = YES;
				CLANG_ENABLE_OBJC_ARC = YES;
				CLANG_WARN_BOOL_CONVERSION = YES;
				CLANG_WARN_CONSTANT_CONVERSION = YES;
				CLANG_WARN_DIRECT_OBJC_ISA_USAGE = YES_ERROR;
				CLANG_WARN_EMPTY_BODY = YES;
				CLANG_WARN_ENUM_CONVERSION = YES;
				CLANG_WARN_INT_CONVERSION = YES;
				CLANG_WARN_OBJC_ROOT_CLASS = YES_ERROR;
				CLANG_WARN_UNREACHABLE_CODE = YES;
				CLANG_WARN__DUPLICATE_METHOD_MATCH = YES;
				"CODE_SIGN_IDENTITY[sdk=iphoneos*]" = "iPhone Developer";
				COPY_PHASE_STRIP = NO;
				DEBUG_INFORMATION_FORMAT = dwarf;
				ENABLE_STRICT_OBJC_MSGSEND = YES;
				ENABLE_TESTABILITY = YES;
				GCC_C_LANGUAGE_STANDARD = gnu99;
				GCC_DYNAMIC_NO_PIC = NO;
				GCC_NO_COMMON_BLOCKS = YES;
				GCC_OPTIMIZATION_LEVEL = 0;
				GCC_PREPROCESSOR_DEFINITIONS = (
					"DEBUG=1",
					"$(inherited)",
				);
				GCC_WARN_64_TO_32_BIT_CONVERSION = YES;
				GCC_WARN_ABOUT_RETURN_TYPE = YES_ERROR;
				GCC_WARN_UNDECLARED_SELECTOR = YES;
				GCC_WARN_UNINITIALIZED_AUTOS = YES_AGGRESSIVE;
				GCC_WARN_UNUSED_FUNCTION = YES;
				GCC_WARN_UNUSED_VARIABLE = YES;
				IPHONEOS_DEPLOYMENT_TARGET = 9.0;
				MTL_ENABLE_DEBUG_INFO = YES;
				ONLY_ACTIVE_ARCH = YES;
				SDKROOT = iphoneos;
				SWIFT_OPTIMIZATION_LEVEL = "-Onone";
			};
			name = Debug;
		};
		BA34B8671BBF69DE001893E1 /* Release */ = {
			isa = XCBuildConfiguration;
			buildSettings = {
				ALWAYS_SEARCH_USER_PATHS = NO;
				CLANG_CXX_LANGUAGE_STANDARD = "gnu++0x";
				CLANG_CXX_LIBRARY = "libc++";
				CLANG_ENABLE_MODULES = YES;
				CLANG_ENABLE_OBJC_ARC = YES;
				CLANG_WARN_BOOL_CONVERSION = YES;
				CLANG_WARN_CONSTANT_CONVERSION = YES;
				CLANG_WARN_DIRECT_OBJC_ISA_USAGE = YES_ERROR;
				CLANG_WARN_EMPTY_BODY = YES;
				CLANG_WARN_ENUM_CONVERSION = YES;
				CLANG_WARN_INT_CONVERSION = YES;
				CLANG_WARN_OBJC_ROOT_CLASS = YES_ERROR;
				CLANG_WARN_UNREACHABLE_CODE = YES;
				CLANG_WARN__DUPLICATE_METHOD_MATCH = YES;
				"CODE_SIGN_IDENTITY[sdk=iphoneos*]" = "iPhone Developer";
				COPY_PHASE_STRIP = NO;
				DEBUG_INFORMATION_FORMAT = "dwarf-with-dsym";
				ENABLE_NS_ASSERTIONS = NO;
				ENABLE_STRICT_OBJC_MSGSEND = YES;
				GCC_C_LANGUAGE_STANDARD = gnu99;
				GCC_NO_COMMON_BLOCKS = YES;
				GCC_WARN_64_TO_32_BIT_CONVERSION = YES;
				GCC_WARN_ABOUT_RETURN_TYPE = YES_ERROR;
				GCC_WARN_UNDECLARED_SELECTOR = YES;
				GCC_WARN_UNINITIALIZED_AUTOS = YES_AGGRESSIVE;
				GCC_WARN_UNUSED_FUNCTION = YES;
				GCC_WARN_UNUSED_VARIABLE = YES;
				IPHONEOS_DEPLOYMENT_TARGET = 9.0;
				MTL_ENABLE_DEBUG_INFO = NO;
				SDKROOT = iphoneos;
				VALIDATE_PRODUCT = YES;
			};
			name = Release;
		};
		BA34B8691BBF69DE001893E1 /* Debug */ = {
			isa = XCBuildConfiguration;
			buildSettings = {
				ASSETCATALOG_COMPILER_APPICON_NAME = AppIcon;
				INFOPLIST_FILE = PK3DTouchDemo/Info.plist;
				LD_RUNPATH_SEARCH_PATHS = "$(inherited) @executable_path/Frameworks";
				PRODUCT_BUNDLE_IDENTIFIER = com.liyan.PK3DTouchDemo;
				PRODUCT_NAME = "$(TARGET_NAME)";
				PROVISIONING_PROFILE = "375e362a-af47-4dc0-ae75-6ba6b3a54fa2";
			};
			name = Debug;
		};
		BA34B86A1BBF69DE001893E1 /* Release */ = {
			isa = XCBuildConfiguration;
			buildSettings = {
				ASSETCATALOG_COMPILER_APPICON_NAME = AppIcon;
				INFOPLIST_FILE = PK3DTouchDemo/Info.plist;
				LD_RUNPATH_SEARCH_PATHS = "$(inherited) @executable_path/Frameworks";
				PRODUCT_BUNDLE_IDENTIFIER = com.liyan.PK3DTouchDemo;
				PRODUCT_NAME = "$(TARGET_NAME)";
				PROVISIONING_PROFILE = "375e362a-af47-4dc0-ae75-6ba6b3a54fa2";
			};
			name = Release;
		};
/* End XCBuildConfiguration section */

/* Begin XCConfigurationList section */
		BA34B8511BBF69DE001893E1 /* Build configuration list for PBXProject "PK3DTouchDemo" */ = {
			isa = XCConfigurationList;
			buildConfigurations = (
				BA34B8661BBF69DE001893E1 /* Debug */,
				BA34B8671BBF69DE001893E1 /* Release */,
			);
			defaultConfigurationIsVisible = 0;
			defaultConfigurationName = Release;
		};
		BA34B8681BBF69DE001893E1 /* Build configuration list for PBXNativeTarget "PK3DTouchDemo" */ = {
			isa = XCConfigurationList;
			buildConfigurations = (
				BA34B8691BBF69DE001893E1 /* Debug */,
				BA34B86A1BBF69DE001893E1 /* Release */,
			);
			defaultConfigurationIsVisible = 0;
		};
/* End XCConfigurationList section */
	};
	rootObject = BA34B84E1BBF69DE001893E1 /* Project object */;
}
